
Microsoft Visual Studio Solution File, Format Version 12.00
# Visual Studio Version 16
VisualStudioVersion = 16.0.34729.46
MinimumVisualStudioVersion = 10.0.40219.1
Project("{9A19103F-16F7-4668-BE54-9A1E7A4F7556}") = "Loops_Raetselspiel", "Loops_Raetselspiel.csproj", "{B9176BDC-0BB3-41F0-AD31-EE83D98A8900}"
EndProject
Project("{9A19103F-16F7-4668-BE54-9A1E7A4F7556}") = "34.Übung_Summieren", "..\34.Übung_Summieren\34.Übung_Summieren.csproj", "{B651706C-2B04-4696-9989-64B800A85762}"
EndProject
Project("{9A19103F-16F7-4668-BE54-9A1E7A4F7556}") = "Abschnitt_8_Objektorientiert_Teil1", "Abschnitt_8_Objektorientiert_Teil1\Abschnitt_8_Objektorientiert_Teil1.csproj", "{8B2CA346-AE4C-45A2-93A4-E9F019E424AC}"
EndProject
Project("{FAE04EC0-301F-11D3-BF4B-00C04F79EFBC}") = "Abschnitt_9_OOP_Projekt_Bankkonto", "Abschnitt_9_OOP_Projekt_Bankkonto\Abschnitt_9_OOP_Projekt_Bankkonto.csproj", "{EDC20ED9-6075-412F-AA25-7EC156F529AC}"
EndProject
Project("{FAE04EC0-301F-11D3-BF4B-00C04F79EFBC}") = "Abschnitt_10_Listen", "Abschnitt_10_Listen\Abschnitt_10_Listen.csproj", "{EF416093-D074-4140-9D50-A0F097A7F9D0}"
EndProject
Global
	GlobalSection(SolutionConfigurationPlatforms) = preSolution
		Debug|Any CPU = Debug|Any CPU
		Release|Any CPU = Release|Any CPU
	EndGlobalSection
	GlobalSection(ProjectConfigurationPlatforms) = postSolution
		{B9176BDC-0BB3-41F0-AD31-EE83D98A8900}.Debug|Any CPU.ActiveCfg = Debug|Any CPU
		{B9176BDC-0BB3-41F0-AD31-EE83D98A8900}.Debug|Any CPU.Build.0 = Debug|Any CPU
		{B9176BDC-0BB3-41F0-AD31-EE83D98A8900}.Release|Any CPU.ActiveCfg = Release|Any CPU
		{B9176BDC-0BB3-41F0-AD31-EE83D98A8900}.Release|Any CPU.Build.0 = Release|Any CPU
		{B651706C-2B04-4696-9989-64B800A85762}.Debug|Any CPU.ActiveCfg = Debug|Any CPU
		{B651706C-2B04-4696-9989-64B800A85762}.Debug|Any CPU.Build.0 = Debug|Any CPU
		{B651706C-2B04-4696-9989-64B800A85762}.Release|Any CPU.ActiveCfg = Release|Any CPU
		{B651706C-2B04-4696-9989-64B800A85762}.Release|Any CPU.Build.0 = Release|Any CPU
		{8B2CA346-AE4C-45A2-93A4-E9F019E424AC}.Debug|Any CPU.ActiveCfg = Debug|Any CPU
		{8B2CA346-AE4C-45A2-93A4-E9F019E424AC}.Debug|Any CPU.Build.0 = Debug|Any CPU
		{8B2CA346-AE4C-45A2-93A4-E9F019E424AC}.Release|Any CPU.ActiveCfg = Release|Any CPU
		{8B2CA346-AE4C-45A2-93A4-E9F019E424AC}.Release|Any CPU.Build.0 = Release|Any CPU
		{EDC20ED9-6075-412F-AA25-7EC156F529AC}.Debug|Any CPU.ActiveCfg = Debug|Any CPU
		{EDC20ED9-6075-412F-AA25-7EC156F529AC}.Debug|Any CPU.Build.0 = Debug|Any CPU
		{EDC20ED9-6075-412F-AA25-7EC156F529AC}.Release|Any CPU.ActiveCfg = Release|Any CPU
		{EDC20ED9-6075-412F-AA25-7EC156F529AC}.Release|Any CPU.Build.0 = Release|Any CPU
		{EF416093-D074-4140-9D50-A0F097A7F9D0}.Debug|Any CPU.ActiveCfg = Debug|Any CPU
		{EF416093-D074-4140-9D50-A0F097A7F9D0}.Debug|Any CPU.Build.0 = Debug|Any CPU
		{EF416093-D074-4140-9D50-A0F097A7F9D0}.Release|Any CPU.ActiveCfg = Release|Any CPU
		{EF416093-D074-4140-9D50-A0F097A7F9D0}.Release|Any CPU.Build.0 = Release|Any CPU
	EndGlobalSection
	GlobalSection(SolutionProperties) = preSolution
		HideSolutionNode = FALSE
	EndGlobalSection
	GlobalSection(ExtensibilityGlobals) = postSolution
		SolutionGuid = {189F4598-95F9-404C-9866-721B3FE9CE9B}
	EndGlobalSection
EndGlobal
