
Microsoft Visual Studio Solution File, Format Version 12.00
# Visual Studio Version 16
VisualStudioVersion = 16.0.35425.106
MinimumVisualStudioVersion = 10.0.40219.1
Project("{FAE04EC0-301F-11D3-BF4B-00C04F79EFBC}") = "OOP_Bespiel", "OOP_Bespiel.csproj", "{C90598DC-E04D-49B0-B3E1-1469FD3F6894}"
EndProject
Global
	GlobalSection(SolutionConfigurationPlatforms) = preSolution
		Debug|Any CPU = Debug|Any CPU
		Release|Any CPU = Release|Any CPU
	EndGlobalSection
	GlobalSection(ProjectConfigurationPlatforms) = postSolution
		{C90598DC-E04D-49B0-B3E1-1469FD3F6894}.Debug|Any CPU.ActiveCfg = Debug|Any CPU
		{C90598DC-E04D-49B0-B3E1-1469FD3F6894}.Debug|Any CPU.Build.0 = Debug|Any CPU
		{C90598DC-E04D-49B0-B3E1-1469FD3F6894}.Release|Any CPU.ActiveCfg = Release|Any CPU
		{C90598DC-E04D-49B0-B3E1-1469FD3F6894}.Release|Any CPU.Build.0 = Release|Any CPU
	EndGlobalSection
	GlobalSection(SolutionProperties) = preSolution
		HideSolutionNode = FALSE
	EndGlobalSection
	GlobalSection(ExtensibilityGlobals) = postSolution
		SolutionGuid = {FE0D2DD1-240F-49A5-AF49-9D2C52248D4C}
	EndGlobalSection
EndGlobal
