
Microsoft Visual Studio Solution File, Format Version 12.00
# Visual Studio Version 16
VisualStudioVersion = 16.0.34729.46
MinimumVisualStudioVersion = 10.0.40219.1
Project("{FAE04EC0-301F-11D3-BF4B-00C04F79EFBC}") = "WeatherApp", "WeatherApp.csproj", "{AC4ADBFF-89CB-4CB7-8BC3-368BD6C10169}"
EndProject
Global
	GlobalSection(SolutionConfigurationPlatforms) = preSolution
		Debug|Any CPU = Debug|Any CPU
		Release|Any CPU = Release|Any CPU
	EndGlobalSection
	GlobalSection(ProjectConfigurationPlatforms) = postSolution
		{AC4ADBFF-89CB-4CB7-8BC3-368BD6C10169}.Debug|Any CPU.ActiveCfg = Debug|Any CPU
		{AC4ADBFF-89CB-4CB7-8BC3-368BD6C10169}.Debug|Any CPU.Build.0 = Debug|Any CPU
		{AC4ADBFF-89CB-4CB7-8BC3-368BD6C10169}.Release|Any CPU.ActiveCfg = Release|Any CPU
		{AC4ADBFF-89CB-4CB7-8BC3-368BD6C10169}.Release|Any CPU.Build.0 = Release|Any CPU
	EndGlobalSection
	GlobalSection(SolutionProperties) = preSolution
		HideSolutionNode = FALSE
	EndGlobalSection
	GlobalSection(ExtensibilityGlobals) = postSolution
		SolutionGuid = {CB11E4E7-4CB2-4717-BAE4-6553D0DBBE1F}
	EndGlobalSection
EndGlobal
